
Microsoft Visual Studio Solution File, Format Version 12.00
# Visual Studio Version 17
VisualStudioVersion = 17.7.34031.279
MinimumVisualStudioVersion = 10.0.40219.1
Project("{9A19103F-16F7-4668-BE54-9A1E7A4F7556}") = "SonProeject.Core", "SonProeject.Core.csproj", "{DF52F900-65A2-4748-85E8-36B5AA8AA369}"
EndProject
Global
	GlobalSection(SolutionConfigurationPlatforms) = preSolution
		Debug|Any CPU = Debug|Any CPU
		Release|Any CPU = Release|Any CPU
	EndGlobalSection
	GlobalSection(ProjectConfigurationPlatforms) = postSolution
		{DF52F900-65A2-4748-85E8-36B5AA8AA369}.Debug|Any CPU.ActiveCfg = Debug|Any CPU
		{DF52F900-65A2-4748-85E8-36B5AA8AA369}.Debug|Any CPU.Build.0 = Debug|Any CPU
		{DF52F900-65A2-4748-85E8-36B5AA8AA369}.Release|Any CPU.ActiveCfg = Release|Any CPU
		{DF52F900-65A2-4748-85E8-36B5AA8AA369}.Release|Any CPU.Build.0 = Release|Any CPU
	EndGlobalSection
	GlobalSection(SolutionProperties) = preSolution
		HideSolutionNode = FALSE
	EndGlobalSection
	GlobalSection(ExtensibilityGlobals) = postSolution
		SolutionGuid = {0F03728A-2D7F-4C2E-9735-B4CC20BABF7C}
	EndGlobalSection
EndGlobal
